
Microsoft Visual Studio Solution File, Format Version 12.00
Project("{2150E333-8FDC-42A3-9474-1A3956D46DE8}") = "Solution Items", "Solution Items", "{A0F18EDF-1CDD-4348-836F-5172C8757AC3}"
	ProjectSection(SolutionItems) = preProject
		README.md = README.md
		.gitignore = .gitignore
	EndProjectSection
EndProject
Project("{2150E333-8FDC-42A3-9474-1A3956D46DE8}") = "cdk", "cdk", "{7CD202E4-13C0-4085-857A-E3892DF23EAD}"
EndProject
Project("{2150E333-8FDC-42A3-9474-1A3956D46DE8}") = "src", "src", "{DF790AE2-5829-4ED9-AAEF-DB5D659864FF}"
EndProject
Project("{2150E333-8FDC-42A3-9474-1A3956D46DE8}") = "test", "test", "{EB2F1104-642C-49E6-9993-69D8365190FB}"
EndProject
Project("{FAE04EC0-301F-11D3-BF4B-00C04F79EFBC}") = "PowerManagement.CDK", "cdk\PowerManagement.CDK\PowerManagement.CDK.csproj", "{827C576F-5205-42C8-9B45-7B6174F82DD0}"
EndProject
Project("{FAE04EC0-301F-11D3-BF4B-00C04F79EFBC}") = "PowerManagement.Lambda", "PowerManagement.Lambda\PowerManagement.Lambda.csproj", "{B554D5ED-71C0-47DB-AF21-B54766DEEA9C}"
EndProject
Project("{FAE04EC0-301F-11D3-BF4B-00C04F79EFBC}") = "PowerManagement.Lambda.Core", "PowerManagement.Lambda.Core\PowerManagement.Lambda.Core.csproj", "{91ABFBCD-4BD3-4495-8F72-5102BE5CCC6A}"
EndProject
Project("{FAE04EC0-301F-11D3-BF4B-00C04F79EFBC}") = "PowerManagement.Lambda.Tests", "PowerManagement.Lambda.Tests\PowerManagement.Lambda.Tests.csproj", "{2A4C6036-476E-4BE5-8A1B-B5694A9CA4ED}"
EndProject
Project("{FAE04EC0-301F-11D3-BF4B-00C04F79EFBC}") = "PowerManagement.Lambda.Core.Tests", "PowerManagement.Lambda.Core.Tests\PowerManagement.Lambda.Core.Tests.csproj", "{E2B1A88B-F5B8-4888-8F9E-4A4CEFDDC559}"
EndProject
Global
	GlobalSection(SolutionConfigurationPlatforms) = preSolution
		Debug|Any CPU = Debug|Any CPU
		Release|Any CPU = Release|Any CPU
	EndGlobalSection
	GlobalSection(ProjectConfigurationPlatforms) = postSolution
		{827C576F-5205-42C8-9B45-7B6174F82DD0}.Debug|Any CPU.ActiveCfg = Debug|Any CPU
		{827C576F-5205-42C8-9B45-7B6174F82DD0}.Debug|Any CPU.Build.0 = Debug|Any CPU
		{827C576F-5205-42C8-9B45-7B6174F82DD0}.Release|Any CPU.ActiveCfg = Release|Any CPU
		{827C576F-5205-42C8-9B45-7B6174F82DD0}.Release|Any CPU.Build.0 = Release|Any CPU
		{B554D5ED-71C0-47DB-AF21-B54766DEEA9C}.Debug|Any CPU.ActiveCfg = Debug|Any CPU
		{B554D5ED-71C0-47DB-AF21-B54766DEEA9C}.Debug|Any CPU.Build.0 = Debug|Any CPU
		{B554D5ED-71C0-47DB-AF21-B54766DEEA9C}.Release|Any CPU.ActiveCfg = Release|Any CPU
		{B554D5ED-71C0-47DB-AF21-B54766DEEA9C}.Release|Any CPU.Build.0 = Release|Any CPU
		{91ABFBCD-4BD3-4495-8F72-5102BE5CCC6A}.Debug|Any CPU.ActiveCfg = Debug|Any CPU
		{91ABFBCD-4BD3-4495-8F72-5102BE5CCC6A}.Debug|Any CPU.Build.0 = Debug|Any CPU
		{91ABFBCD-4BD3-4495-8F72-5102BE5CCC6A}.Release|Any CPU.ActiveCfg = Release|Any CPU
		{91ABFBCD-4BD3-4495-8F72-5102BE5CCC6A}.Release|Any CPU.Build.0 = Release|Any CPU
		{2A4C6036-476E-4BE5-8A1B-B5694A9CA4ED}.Debug|Any CPU.ActiveCfg = Debug|Any CPU
		{2A4C6036-476E-4BE5-8A1B-B5694A9CA4ED}.Debug|Any CPU.Build.0 = Debug|Any CPU
		{2A4C6036-476E-4BE5-8A1B-B5694A9CA4ED}.Release|Any CPU.ActiveCfg = Release|Any CPU
		{2A4C6036-476E-4BE5-8A1B-B5694A9CA4ED}.Release|Any CPU.Build.0 = Release|Any CPU
		{E2B1A88B-F5B8-4888-8F9E-4A4CEFDDC559}.Debug|Any CPU.ActiveCfg = Debug|Any CPU
		{E2B1A88B-F5B8-4888-8F9E-4A4CEFDDC559}.Debug|Any CPU.Build.0 = Debug|Any CPU
		{E2B1A88B-F5B8-4888-8F9E-4A4CEFDDC559}.Release|Any CPU.ActiveCfg = Release|Any CPU
		{E2B1A88B-F5B8-4888-8F9E-4A4CEFDDC559}.Release|Any CPU.Build.0 = Release|Any CPU
	EndGlobalSection
	GlobalSection(NestedProjects) = preSolution
		{827C576F-5205-42C8-9B45-7B6174F82DD0} = {7CD202E4-13C0-4085-857A-E3892DF23EAD}
		{B554D5ED-71C0-47DB-AF21-B54766DEEA9C} = {DF790AE2-5829-4ED9-AAEF-DB5D659864FF}
		{91ABFBCD-4BD3-4495-8F72-5102BE5CCC6A} = {DF790AE2-5829-4ED9-AAEF-DB5D659864FF}
		{2A4C6036-476E-4BE5-8A1B-B5694A9CA4ED} = {EB2F1104-642C-49E6-9993-69D8365190FB}
		{E2B1A88B-F5B8-4888-8F9E-4A4CEFDDC559} = {EB2F1104-642C-49E6-9993-69D8365190FB}
	EndGlobalSection
EndGlobal
